
Microsoft Visual Studio Solution File, Format Version 12.00
# Visual Studio Version 17
VisualStudioVersion = 17.14.36127.28 d17.14
MinimumVisualStudioVersion = 10.0.40219.1
Project("{FAE04EC0-301F-11D3-BF4B-00C04F79EFBC}") = "XactJobs", "XactJobs\XactJobs.csproj", "{61A81CF3-9094-4EED-B433-27734B11245F}"
EndProject
Project("{FAE04EC0-301F-11D3-BF4B-00C04F79EFBC}") = "XactJobs.TestWorker", "XactJobs.TestWorker\XactJobs.TestWorker.csproj", "{5B5F99BF-6F07-1A11-C85B-B6FFAE38BA6B}"
EndProject
Project("{FAE04EC0-301F-11D3-BF4B-00C04F79EFBC}") = "TestConsole", "TestConsole\TestConsole.csproj", "{05443979-3E0F-4378-AA0A-BEEE04C8FE4F}"
EndProject
Global
	GlobalSection(SolutionConfigurationPlatforms) = preSolution
		Debug|Any CPU = Debug|Any CPU
		Release|Any CPU = Release|Any CPU
	EndGlobalSection
	GlobalSection(ProjectConfigurationPlatforms) = postSolution
		{61A81CF3-9094-4EED-B433-27734B11245F}.Debug|Any CPU.ActiveCfg = Debug|Any CPU
		{61A81CF3-9094-4EED-B433-27734B11245F}.Debug|Any CPU.Build.0 = Debug|Any CPU
		{61A81CF3-9094-4EED-B433-27734B11245F}.Release|Any CPU.ActiveCfg = Release|Any CPU
		{61A81CF3-9094-4EED-B433-27734B11245F}.Release|Any CPU.Build.0 = Release|Any CPU
		{5B5F99BF-6F07-1A11-C85B-B6FFAE38BA6B}.Debug|Any CPU.ActiveCfg = Debug|Any CPU
		{5B5F99BF-6F07-1A11-C85B-B6FFAE38BA6B}.Debug|Any CPU.Build.0 = Debug|Any CPU
		{5B5F99BF-6F07-1A11-C85B-B6FFAE38BA6B}.Release|Any CPU.ActiveCfg = Release|Any CPU
		{5B5F99BF-6F07-1A11-C85B-B6FFAE38BA6B}.Release|Any CPU.Build.0 = Release|Any CPU
		{05443979-3E0F-4378-AA0A-BEEE04C8FE4F}.Debug|Any CPU.ActiveCfg = Debug|Any CPU
		{05443979-3E0F-4378-AA0A-BEEE04C8FE4F}.Debug|Any CPU.Build.0 = Debug|Any CPU
		{05443979-3E0F-4378-AA0A-BEEE04C8FE4F}.Release|Any CPU.ActiveCfg = Release|Any CPU
		{05443979-3E0F-4378-AA0A-BEEE04C8FE4F}.Release|Any CPU.Build.0 = Release|Any CPU
	EndGlobalSection
	GlobalSection(SolutionProperties) = preSolution
		HideSolutionNode = FALSE
	EndGlobalSection
	GlobalSection(ExtensibilityGlobals) = postSolution
		SolutionGuid = {A244C2AD-AD14-460F-9F2F-A8D4AB211CD0}
	EndGlobalSection
EndGlobal
