
Microsoft Visual Studio Solution File, Format Version 12.00
# Visual Studio Version 18
VisualStudioVersion = 18.2.11408.102 d18.0
MinimumVisualStudioVersion = 10.0.40219.1
Project("{FAE04EC0-301F-11D3-BF4B-00C04F79EFBC}") = "XactJobs", "XactJobs\XactJobs.csproj", "{61A81CF3-9094-4EED-B433-27734B11245F}"
EndProject
Project("{FAE04EC0-301F-11D3-BF4B-00C04F79EFBC}") = "XactJobs.TestWorker", "XactJobs.TestWorker\XactJobs.TestWorker.csproj", "{5B5F99BF-6F07-1A11-C85B-B6FFAE38BA6B}"
EndProject
Project("{2150E333-8FDC-42A3-9474-1A3956D46DE8}") = "Test", "Test", "{02EA681E-C7D8-13C7-8484-4AC65E1B71E8}"
EndProject
Project("{FAE04EC0-301F-11D3-BF4B-00C04F79EFBC}") = "XactJobs.Tests", "XactJobs.Tests\XactJobs.Tests.csproj", "{B49795CF-F730-4B36-B5C8-1BAAB5DC6DB4}"
EndProject
Project("{FAE04EC0-301F-11D3-BF4B-00C04F79EFBC}") = "XactJobs.UI", "XactJobs.UI\XactJobs.UI.csproj", "{834B81F6-1849-4C48-AFDB-3651C0C380B6}"
EndProject
Project("{FAE04EC0-301F-11D3-BF4B-00C04F79EFBC}") = "XactJobs.TestWeb", "XactJobs.TestWeb\XactJobs.TestWeb.csproj", "{A338ED1D-7F67-4453-9F8C-E7CE161D3FD4}"
EndProject
Global
	GlobalSection(SolutionConfigurationPlatforms) = preSolution
		Debug|Any CPU = Debug|Any CPU
		Debug|x64 = Debug|x64
		Debug|x86 = Debug|x86
		Release|Any CPU = Release|Any CPU
		Release|x64 = Release|x64
		Release|x86 = Release|x86
	EndGlobalSection
	GlobalSection(ProjectConfigurationPlatforms) = postSolution
		{61A81CF3-9094-4EED-B433-27734B11245F}.Debug|Any CPU.ActiveCfg = Debug|Any CPU
		{61A81CF3-9094-4EED-B433-27734B11245F}.Debug|Any CPU.Build.0 = Debug|Any CPU
		{61A81CF3-9094-4EED-B433-27734B11245F}.Debug|x64.ActiveCfg = Debug|Any CPU
		{61A81CF3-9094-4EED-B433-27734B11245F}.Debug|x64.Build.0 = Debug|Any CPU
		{61A81CF3-9094-4EED-B433-27734B11245F}.Debug|x86.ActiveCfg = Debug|Any CPU
		{61A81CF3-9094-4EED-B433-27734B11245F}.Debug|x86.Build.0 = Debug|Any CPU
		{61A81CF3-9094-4EED-B433-27734B11245F}.Release|Any CPU.ActiveCfg = Release|Any CPU
		{61A81CF3-9094-4EED-B433-27734B11245F}.Release|Any CPU.Build.0 = Release|Any CPU
		{61A81CF3-9094-4EED-B433-27734B11245F}.Release|x64.ActiveCfg = Release|Any CPU
		{61A81CF3-9094-4EED-B433-27734B11245F}.Release|x64.Build.0 = Release|Any CPU
		{61A81CF3-9094-4EED-B433-27734B11245F}.Release|x86.ActiveCfg = Release|Any CPU
		{61A81CF3-9094-4EED-B433-27734B11245F}.Release|x86.Build.0 = Release|Any CPU
		{5B5F99BF-6F07-1A11-C85B-B6FFAE38BA6B}.Debug|Any CPU.ActiveCfg = Debug|Any CPU
		{5B5F99BF-6F07-1A11-C85B-B6FFAE38BA6B}.Debug|Any CPU.Build.0 = Debug|Any CPU
		{5B5F99BF-6F07-1A11-C85B-B6FFAE38BA6B}.Debug|x64.ActiveCfg = Debug|Any CPU
		{5B5F99BF-6F07-1A11-C85B-B6FFAE38BA6B}.Debug|x64.Build.0 = Debug|Any CPU
		{5B5F99BF-6F07-1A11-C85B-B6FFAE38BA6B}.Debug|x86.ActiveCfg = Debug|Any CPU
		{5B5F99BF-6F07-1A11-C85B-B6FFAE38BA6B}.Debug|x86.Build.0 = Debug|Any CPU
		{5B5F99BF-6F07-1A11-C85B-B6FFAE38BA6B}.Release|Any CPU.ActiveCfg = Release|Any CPU
		{5B5F99BF-6F07-1A11-C85B-B6FFAE38BA6B}.Release|Any CPU.Build.0 = Release|Any CPU
		{5B5F99BF-6F07-1A11-C85B-B6FFAE38BA6B}.Release|x64.ActiveCfg = Release|Any CPU
		{5B5F99BF-6F07-1A11-C85B-B6FFAE38BA6B}.Release|x64.Build.0 = Release|Any CPU
		{5B5F99BF-6F07-1A11-C85B-B6FFAE38BA6B}.Release|x86.ActiveCfg = Release|Any CPU
		{5B5F99BF-6F07-1A11-C85B-B6FFAE38BA6B}.Release|x86.Build.0 = Release|Any CPU
		{B49795CF-F730-4B36-B5C8-1BAAB5DC6DB4}.Debug|Any CPU.ActiveCfg = Debug|Any CPU
		{B49795CF-F730-4B36-B5C8-1BAAB5DC6DB4}.Debug|Any CPU.Build.0 = Debug|Any CPU
		{B49795CF-F730-4B36-B5C8-1BAAB5DC6DB4}.Debug|x64.ActiveCfg = Debug|Any CPU
		{B49795CF-F730-4B36-B5C8-1BAAB5DC6DB4}.Debug|x64.Build.0 = Debug|Any CPU
		{B49795CF-F730-4B36-B5C8-1BAAB5DC6DB4}.Debug|x86.ActiveCfg = Debug|Any CPU
		{B49795CF-F730-4B36-B5C8-1BAAB5DC6DB4}.Debug|x86.Build.0 = Debug|Any CPU
		{B49795CF-F730-4B36-B5C8-1BAAB5DC6DB4}.Release|Any CPU.ActiveCfg = Release|Any CPU
		{B49795CF-F730-4B36-B5C8-1BAAB5DC6DB4}.Release|Any CPU.Build.0 = Release|Any CPU
		{B49795CF-F730-4B36-B5C8-1BAAB5DC6DB4}.Release|x64.ActiveCfg = Release|Any CPU
		{B49795CF-F730-4B36-B5C8-1BAAB5DC6DB4}.Release|x64.Build.0 = Release|Any CPU
		{B49795CF-F730-4B36-B5C8-1BAAB5DC6DB4}.Release|x86.ActiveCfg = Release|Any CPU
		{B49795CF-F730-4B36-B5C8-1BAAB5DC6DB4}.Release|x86.Build.0 = Release|Any CPU
		{834B81F6-1849-4C48-AFDB-3651C0C380B6}.Debug|Any CPU.ActiveCfg = Debug|Any CPU
		{834B81F6-1849-4C48-AFDB-3651C0C380B6}.Debug|Any CPU.Build.0 = Debug|Any CPU
		{834B81F6-1849-4C48-AFDB-3651C0C380B6}.Debug|x64.ActiveCfg = Debug|Any CPU
		{834B81F6-1849-4C48-AFDB-3651C0C380B6}.Debug|x64.Build.0 = Debug|Any CPU
		{834B81F6-1849-4C48-AFDB-3651C0C380B6}.Debug|x86.ActiveCfg = Debug|Any CPU
		{834B81F6-1849-4C48-AFDB-3651C0C380B6}.Debug|x86.Build.0 = Debug|Any CPU
		{834B81F6-1849-4C48-AFDB-3651C0C380B6}.Release|Any CPU.ActiveCfg = Release|Any CPU
		{834B81F6-1849-4C48-AFDB-3651C0C380B6}.Release|Any CPU.Build.0 = Release|Any CPU
		{834B81F6-1849-4C48-AFDB-3651C0C380B6}.Release|x64.ActiveCfg = Release|Any CPU
		{834B81F6-1849-4C48-AFDB-3651C0C380B6}.Release|x64.Build.0 = Release|Any CPU
		{834B81F6-1849-4C48-AFDB-3651C0C380B6}.Release|x86.ActiveCfg = Release|Any CPU
		{834B81F6-1849-4C48-AFDB-3651C0C380B6}.Release|x86.Build.0 = Release|Any CPU
		{A338ED1D-7F67-4453-9F8C-E7CE161D3FD4}.Debug|Any CPU.ActiveCfg = Debug|Any CPU
		{A338ED1D-7F67-4453-9F8C-E7CE161D3FD4}.Debug|Any CPU.Build.0 = Debug|Any CPU
		{A338ED1D-7F67-4453-9F8C-E7CE161D3FD4}.Debug|x64.ActiveCfg = Debug|Any CPU
		{A338ED1D-7F67-4453-9F8C-E7CE161D3FD4}.Debug|x64.Build.0 = Debug|Any CPU
		{A338ED1D-7F67-4453-9F8C-E7CE161D3FD4}.Debug|x86.ActiveCfg = Debug|Any CPU
		{A338ED1D-7F67-4453-9F8C-E7CE161D3FD4}.Debug|x86.Build.0 = Debug|Any CPU
		{A338ED1D-7F67-4453-9F8C-E7CE161D3FD4}.Release|Any CPU.ActiveCfg = Release|Any CPU
		{A338ED1D-7F67-4453-9F8C-E7CE161D3FD4}.Release|Any CPU.Build.0 = Release|Any CPU
		{A338ED1D-7F67-4453-9F8C-E7CE161D3FD4}.Release|x64.ActiveCfg = Release|Any CPU
		{A338ED1D-7F67-4453-9F8C-E7CE161D3FD4}.Release|x64.Build.0 = Release|Any CPU
		{A338ED1D-7F67-4453-9F8C-E7CE161D3FD4}.Release|x86.ActiveCfg = Release|Any CPU
		{A338ED1D-7F67-4453-9F8C-E7CE161D3FD4}.Release|x86.Build.0 = Release|Any CPU
	EndGlobalSection
	GlobalSection(SolutionProperties) = preSolution
		HideSolutionNode = FALSE
	EndGlobalSection
	GlobalSection(NestedProjects) = preSolution
		{5B5F99BF-6F07-1A11-C85B-B6FFAE38BA6B} = {02EA681E-C7D8-13C7-8484-4AC65E1B71E8}
		{B49795CF-F730-4B36-B5C8-1BAAB5DC6DB4} = {02EA681E-C7D8-13C7-8484-4AC65E1B71E8}
		{A338ED1D-7F67-4453-9F8C-E7CE161D3FD4} = {02EA681E-C7D8-13C7-8484-4AC65E1B71E8}
	EndGlobalSection
	GlobalSection(ExtensibilityGlobals) = postSolution
		SolutionGuid = {A244C2AD-AD14-460F-9F2F-A8D4AB211CD0}
	EndGlobalSection
EndGlobal
